
Microsoft Visual Studio Solution File, Format Version 12.00
# Visual Studio Version 17
VisualStudioVersion = 17.4.33213.308
MinimumVisualStudioVersion = 10.0.40219.1
Project("{9A19103F-16F7-4668-BE54-9A1E7A4F7556}") = "AdventureAisle", "AdventureAisle.csproj", "{033E4B20-8642-480A-8BB3-A351CBF6D138}"
EndProject
Project("{9A19103F-16F7-4668-BE54-9A1E7A4F7556}") = "AAClasslibrary", "..\AAClasslibrary\AAClasslibrary.csproj", "{7A944A74-42DD-4603-A502-C3FBD00095D6}"
EndProject
Project("{9A19103F-16F7-4668-BE54-9A1E7A4F7556}") = "DesktopApp", "..\DesktopApp\DesktopApp.csproj", "{6693B1BF-127D-4734-B478-ECDA4AEF98A2}"
EndProject
Global
	GlobalSection(SolutionConfigurationPlatforms) = preSolution
		Debug|Any CPU = Debug|Any CPU
		Release|Any CPU = Release|Any CPU
	EndGlobalSection
	GlobalSection(ProjectConfigurationPlatforms) = postSolution
		{033E4B20-8642-480A-8BB3-A351CBF6D138}.Debug|Any CPU.ActiveCfg = Debug|Any CPU
		{033E4B20-8642-480A-8BB3-A351CBF6D138}.Debug|Any CPU.Build.0 = Debug|Any CPU
		{033E4B20-8642-480A-8BB3-A351CBF6D138}.Release|Any CPU.ActiveCfg = Release|Any CPU
		{033E4B20-8642-480A-8BB3-A351CBF6D138}.Release|Any CPU.Build.0 = Release|Any CPU
		{7A944A74-42DD-4603-A502-C3FBD00095D6}.Debug|Any CPU.ActiveCfg = Debug|Any CPU
		{7A944A74-42DD-4603-A502-C3FBD00095D6}.Debug|Any CPU.Build.0 = Debug|Any CPU
		{7A944A74-42DD-4603-A502-C3FBD00095D6}.Release|Any CPU.ActiveCfg = Release|Any CPU
		{7A944A74-42DD-4603-A502-C3FBD00095D6}.Release|Any CPU.Build.0 = Release|Any CPU
		{6693B1BF-127D-4734-B478-ECDA4AEF98A2}.Debug|Any CPU.ActiveCfg = Debug|Any CPU
		{6693B1BF-127D-4734-B478-ECDA4AEF98A2}.Debug|Any CPU.Build.0 = Debug|Any CPU
		{6693B1BF-127D-4734-B478-ECDA4AEF98A2}.Release|Any CPU.ActiveCfg = Release|Any CPU
		{6693B1BF-127D-4734-B478-ECDA4AEF98A2}.Release|Any CPU.Build.0 = Release|Any CPU
	EndGlobalSection
	GlobalSection(SolutionProperties) = preSolution
		HideSolutionNode = FALSE
	EndGlobalSection
	GlobalSection(ExtensibilityGlobals) = postSolution
		SolutionGuid = {6D4D5C27-6CFC-4B08-86EF-EC3F709E7638}
	EndGlobalSection
EndGlobal
